PODS:
  - FluidTabBarController (0.5.1)

DEPENDENCIES:
  - FluidTabBarController (from `../`)

EXTERNAL SOURCES:
  FluidTabBarController:
    :path: "../"

SPEC CHECKSUMS:
  FluidTabBarController: e5941b23afa6ce36760dfd4034e1b031ec313c5f

PODFILE CHECKSUM: 33665f8fb2d934c7bdc0fab4d0a4f3392c71609c

COCOAPODS: 1.5.3
